
Microsoft Visual Studio Solution File, Format Version 12.00
# Visual Studio Version 17
VisualStudioVersion = 17.1.32414.318
MinimumVisualStudioVersion = 10.0.40219.1
Project("{2150E333-8FDC-42A3-9474-1A3956D46DE8}") = "Hosts", "Hosts", "{A5B76B80-FFC6-4FC3-9FD6-34BDEDF82AAC}"
EndProject
Project("{2150E333-8FDC-42A3-9474-1A3956D46DE8}") = "API", "API", "{DD76CAF2-D025-462F-BD03-97119593A2FC}"
EndProject
Project("{9A19103F-16F7-4668-BE54-9A1E7A4F7556}") = "OnlineShopping.API", "Hosts\API\OnlineShopping.API\OnlineShopping.API.csproj", "{FDEF4AD6-C23A-476D-8E43-CC2599065A29}"
EndProject
Project("{2150E333-8FDC-42A3-9474-1A3956D46DE8}") = "Core", "Core", "{8073BEB6-25C1-4A91-BF2E-9DE342C63B96}"
EndProject
Project("{9A19103F-16F7-4668-BE54-9A1E7A4F7556}") = "OnlineShopping.Core", "Core\OnlineShopping.Core\OnlineShopping.Core.csproj", "{52B29D89-4B3F-4166-AE0D-B40D0AAE6DD7}"
EndProject
Project("{2150E333-8FDC-42A3-9474-1A3956D46DE8}") = "UI", "UI", "{F4E5ED94-2646-437C-89C1-34F0B43FF38B}"
EndProject
Project("{9A19103F-16F7-4668-BE54-9A1E7A4F7556}") = "OnlineShopping.Models", "Core\OnlineShopping.Models\OnlineShopping.Models.csproj", "{6247E36F-040A-4D3D-88D6-9C4FAF170644}"
EndProject
Project("{2150E333-8FDC-42A3-9474-1A3956D46DE8}") = "Tests", "Tests", "{13C2E663-71F7-4C24-93E1-4C6EC140F82A}"
EndProject
Project("{9A19103F-16F7-4668-BE54-9A1E7A4F7556}") = "OnlineShopping.DAL", "Core\OnlineShopping.DAL\OnlineShopping.DAL.csproj", "{0A8240CC-A271-4895-A67A-89F5C11D4637}"
EndProject
Project("{9A19103F-16F7-4668-BE54-9A1E7A4F7556}") = "OnlineShopping.Interfaces", "Core\OnlineShopping.Interfaces\OnlineShopping.Interfaces.csproj", "{FDF39C30-7B31-4157-B7F1-8BF1A1EA2FC0}"
EndProject
Project("{9A19103F-16F7-4668-BE54-9A1E7A4F7556}") = "OnlineShopping.Core.Tests.Functional", "Core\Tests\OnlineShopping.Core.Tests.Functional\OnlineShopping.Core.Tests.Functional.csproj", "{B5AC6152-26A2-42C7-BD02-06FA3D7AB899}"
EndProject
Project("{9A19103F-16F7-4668-BE54-9A1E7A4F7556}") = "OnlineShopping.Testing", "Core\OnlineShopping.Testing\OnlineShopping.Testing.csproj", "{91CB2394-0A3D-40D9-BEAB-FE8B2BC0B07A}"
EndProject
Project("{2150E333-8FDC-42A3-9474-1A3956D46DE8}") = "SolutionItems", "SolutionItems", "{A7FB2005-03E9-4280-87F2-7CA1E236C3AC}"
EndProject
Project("{2150E333-8FDC-42A3-9474-1A3956D46DE8}") = "DeveloperNotes", "DeveloperNotes", "{80F967F1-DDC4-4969-9BB6-E48675148A2E}"
	ProjectSection(SolutionItems) = preProject
		api_notes.txt = api_notes.txt
		ui_notes.txt = ui_notes.txt
	EndProjectSection
EndProject
Global
	GlobalSection(SolutionConfigurationPlatforms) = preSolution
		Debug|Any CPU = Debug|Any CPU
		Release|Any CPU = Release|Any CPU
	EndGlobalSection
	GlobalSection(ProjectConfigurationPlatforms) = postSolution
		{FDEF4AD6-C23A-476D-8E43-CC2599065A29}.Debug|Any CPU.ActiveCfg = Debug|Any CPU
		{FDEF4AD6-C23A-476D-8E43-CC2599065A29}.Debug|Any CPU.Build.0 = Debug|Any CPU
		{FDEF4AD6-C23A-476D-8E43-CC2599065A29}.Release|Any CPU.ActiveCfg = Release|Any CPU
		{FDEF4AD6-C23A-476D-8E43-CC2599065A29}.Release|Any CPU.Build.0 = Release|Any CPU
		{52B29D89-4B3F-4166-AE0D-B40D0AAE6DD7}.Debug|Any CPU.ActiveCfg = Debug|Any CPU
		{52B29D89-4B3F-4166-AE0D-B40D0AAE6DD7}.Debug|Any CPU.Build.0 = Debug|Any CPU
		{52B29D89-4B3F-4166-AE0D-B40D0AAE6DD7}.Release|Any CPU.ActiveCfg = Release|Any CPU
		{52B29D89-4B3F-4166-AE0D-B40D0AAE6DD7}.Release|Any CPU.Build.0 = Release|Any CPU
		{6247E36F-040A-4D3D-88D6-9C4FAF170644}.Debug|Any CPU.ActiveCfg = Debug|Any CPU
		{6247E36F-040A-4D3D-88D6-9C4FAF170644}.Debug|Any CPU.Build.0 = Debug|Any CPU
		{6247E36F-040A-4D3D-88D6-9C4FAF170644}.Release|Any CPU.ActiveCfg = Release|Any CPU
		{6247E36F-040A-4D3D-88D6-9C4FAF170644}.Release|Any CPU.Build.0 = Release|Any CPU
		{0A8240CC-A271-4895-A67A-89F5C11D4637}.Debug|Any CPU.ActiveCfg = Debug|Any CPU
		{0A8240CC-A271-4895-A67A-89F5C11D4637}.Debug|Any CPU.Build.0 = Debug|Any CPU
		{0A8240CC-A271-4895-A67A-89F5C11D4637}.Release|Any CPU.ActiveCfg = Release|Any CPU
		{0A8240CC-A271-4895-A67A-89F5C11D4637}.Release|Any CPU.Build.0 = Release|Any CPU
		{FDF39C30-7B31-4157-B7F1-8BF1A1EA2FC0}.Debug|Any CPU.ActiveCfg = Debug|Any CPU
		{FDF39C30-7B31-4157-B7F1-8BF1A1EA2FC0}.Debug|Any CPU.Build.0 = Debug|Any CPU
		{FDF39C30-7B31-4157-B7F1-8BF1A1EA2FC0}.Release|Any CPU.ActiveCfg = Release|Any CPU
		{FDF39C30-7B31-4157-B7F1-8BF1A1EA2FC0}.Release|Any CPU.Build.0 = Release|Any CPU
		{B5AC6152-26A2-42C7-BD02-06FA3D7AB899}.Debug|Any CPU.ActiveCfg = Debug|Any CPU
		{B5AC6152-26A2-42C7-BD02-06FA3D7AB899}.Debug|Any CPU.Build.0 = Debug|Any CPU
		{B5AC6152-26A2-42C7-BD02-06FA3D7AB899}.Release|Any CPU.ActiveCfg = Release|Any CPU
		{B5AC6152-26A2-42C7-BD02-06FA3D7AB899}.Release|Any CPU.Build.0 = Release|Any CPU
		{91CB2394-0A3D-40D9-BEAB-FE8B2BC0B07A}.Debug|Any CPU.ActiveCfg = Debug|Any CPU
		{91CB2394-0A3D-40D9-BEAB-FE8B2BC0B07A}.Debug|Any CPU.Build.0 = Debug|Any CPU
		{91CB2394-0A3D-40D9-BEAB-FE8B2BC0B07A}.Release|Any CPU.ActiveCfg = Release|Any CPU
		{91CB2394-0A3D-40D9-BEAB-FE8B2BC0B07A}.Release|Any CPU.Build.0 = Release|Any CPU
	EndGlobalSection
	GlobalSection(SolutionProperties) = preSolution
		HideSolutionNode = FALSE
	EndGlobalSection
	GlobalSection(NestedProjects) = preSolution
		{DD76CAF2-D025-462F-BD03-97119593A2FC} = {A5B76B80-FFC6-4FC3-9FD6-34BDEDF82AAC}
		{FDEF4AD6-C23A-476D-8E43-CC2599065A29} = {DD76CAF2-D025-462F-BD03-97119593A2FC}
		{52B29D89-4B3F-4166-AE0D-B40D0AAE6DD7} = {8073BEB6-25C1-4A91-BF2E-9DE342C63B96}
		{F4E5ED94-2646-437C-89C1-34F0B43FF38B} = {A5B76B80-FFC6-4FC3-9FD6-34BDEDF82AAC}
		{6247E36F-040A-4D3D-88D6-9C4FAF170644} = {8073BEB6-25C1-4A91-BF2E-9DE342C63B96}
		{13C2E663-71F7-4C24-93E1-4C6EC140F82A} = {8073BEB6-25C1-4A91-BF2E-9DE342C63B96}
		{0A8240CC-A271-4895-A67A-89F5C11D4637} = {8073BEB6-25C1-4A91-BF2E-9DE342C63B96}
		{FDF39C30-7B31-4157-B7F1-8BF1A1EA2FC0} = {8073BEB6-25C1-4A91-BF2E-9DE342C63B96}
		{B5AC6152-26A2-42C7-BD02-06FA3D7AB899} = {13C2E663-71F7-4C24-93E1-4C6EC140F82A}
		{91CB2394-0A3D-40D9-BEAB-FE8B2BC0B07A} = {8073BEB6-25C1-4A91-BF2E-9DE342C63B96}
		{80F967F1-DDC4-4969-9BB6-E48675148A2E} = {A5B76B80-FFC6-4FC3-9FD6-34BDEDF82AAC}
	EndGlobalSection
	GlobalSection(ExtensibilityGlobals) = postSolution
		SolutionGuid = {9735001C-8B8F-4149-9725-E725AAA42697}
	EndGlobalSection
EndGlobal
